
Microsoft Visual Studio Solution File, Format Version 12.00
# Visual Studio Version 16
VisualStudioVersion = 25.0.1706.3
MinimumVisualStudioVersion = 10.0.40219.1
Project("{FAE04EC0-301F-11D3-BF4B-00C04F79EFBC}") = "Vetores", "Vetores\Vetores.csproj", "{CBC93C38-42B4-4FBA-91F5-C462978BA4A5}"
EndProject
Project("{FAE04EC0-301F-11D3-BF4B-00C04F79EFBC}") = "Matrizes", "Matrizes\Matrizes.csproj", "{A91E99E0-83C1-4C20-8CD2-9C90AB068050}"
EndProject
Project("{FAE04EC0-301F-11D3-BF4B-00C04F79EFBC}") = "Exercicio1", "Exercicio1\Exercicio1.csproj", "{51E39175-BCB9-4EDB-B480-58FFAFD67397}"
EndProject
Project("{FAE04EC0-301F-11D3-BF4B-00C04F79EFBC}") = "Exercicio2", "Exercicio2\Exercicio2.csproj", "{F2023939-9E34-4633-9B6D-68CE950FBE36}"
EndProject
Global
	GlobalSection(SolutionConfigurationPlatforms) = preSolution
		Debug|Any CPU = Debug|Any CPU
		Release|Any CPU = Release|Any CPU
	EndGlobalSection
	GlobalSection(ProjectConfigurationPlatforms) = postSolution
		{CBC93C38-42B4-4FBA-91F5-C462978BA4A5}.Debug|Any CPU.ActiveCfg = Debug|Any CPU
		{CBC93C38-42B4-4FBA-91F5-C462978BA4A5}.Debug|Any CPU.Build.0 = Debug|Any CPU
		{CBC93C38-42B4-4FBA-91F5-C462978BA4A5}.Release|Any CPU.ActiveCfg = Release|Any CPU
		{CBC93C38-42B4-4FBA-91F5-C462978BA4A5}.Release|Any CPU.Build.0 = Release|Any CPU
		{A91E99E0-83C1-4C20-8CD2-9C90AB068050}.Debug|Any CPU.ActiveCfg = Debug|Any CPU
		{A91E99E0-83C1-4C20-8CD2-9C90AB068050}.Debug|Any CPU.Build.0 = Debug|Any CPU
		{A91E99E0-83C1-4C20-8CD2-9C90AB068050}.Release|Any CPU.ActiveCfg = Release|Any CPU
		{A91E99E0-83C1-4C20-8CD2-9C90AB068050}.Release|Any CPU.Build.0 = Release|Any CPU
		{51E39175-BCB9-4EDB-B480-58FFAFD67397}.Debug|Any CPU.ActiveCfg = Debug|Any CPU
		{51E39175-BCB9-4EDB-B480-58FFAFD67397}.Debug|Any CPU.Build.0 = Debug|Any CPU
		{51E39175-BCB9-4EDB-B480-58FFAFD67397}.Release|Any CPU.ActiveCfg = Release|Any CPU
		{51E39175-BCB9-4EDB-B480-58FFAFD67397}.Release|Any CPU.Build.0 = Release|Any CPU
		{F2023939-9E34-4633-9B6D-68CE950FBE36}.Debug|Any CPU.ActiveCfg = Debug|Any CPU
		{F2023939-9E34-4633-9B6D-68CE950FBE36}.Debug|Any CPU.Build.0 = Debug|Any CPU
		{F2023939-9E34-4633-9B6D-68CE950FBE36}.Release|Any CPU.ActiveCfg = Release|Any CPU
		{F2023939-9E34-4633-9B6D-68CE950FBE36}.Release|Any CPU.Build.0 = Release|Any CPU
	EndGlobalSection
	GlobalSection(SolutionProperties) = preSolution
		HideSolutionNode = FALSE
	EndGlobalSection
	GlobalSection(ExtensibilityGlobals) = postSolution
		SolutionGuid = {F3FAD4ED-2429-47A1-AA8D-D934CF446450}
	EndGlobalSection
EndGlobal
